
Microsoft Visual Studio Solution File, Format Version 12.00
# Visual Studio Version 16
VisualStudioVersion = 16.0.30611.23
MinimumVisualStudioVersion = 10.0.40219.1
Project("{FAE04EC0-301F-11D3-BF4B-00C04F79EFBC}") = "Tetris", "Tetris\Tetris.csproj", "{24756376-AB42-4ADA-A243-7928AE596B22}"
EndProject
Project("{FAE04EC0-301F-11D3-BF4B-00C04F79EFBC}") = "TetrisTest", "TetrisTest\TetrisTest.csproj", "{7DF6A8FE-6CB6-43FA-89D3-F2A51BC191B6}"
EndProject
Global
	GlobalSection(SolutionConfigurationPlatforms) = preSolution
		Debug|Any CPU = Debug|Any CPU
		Release|Any CPU = Release|Any CPU
	EndGlobalSection
	GlobalSection(ProjectConfigurationPlatforms) = postSolution
		{24756376-AB42-4ADA-A243-7928AE596B22}.Debug|Any CPU.ActiveCfg = Debug|Any CPU
		{24756376-AB42-4ADA-A243-7928AE596B22}.Debug|Any CPU.Build.0 = Debug|Any CPU
		{24756376-AB42-4ADA-A243-7928AE596B22}.Release|Any CPU.ActiveCfg = Release|Any CPU
		{24756376-AB42-4ADA-A243-7928AE596B22}.Release|Any CPU.Build.0 = Release|Any CPU
		{7DF6A8FE-6CB6-43FA-89D3-F2A51BC191B6}.Debug|Any CPU.ActiveCfg = Debug|Any CPU
		{7DF6A8FE-6CB6-43FA-89D3-F2A51BC191B6}.Debug|Any CPU.Build.0 = Debug|Any CPU
		{7DF6A8FE-6CB6-43FA-89D3-F2A51BC191B6}.Release|Any CPU.ActiveCfg = Release|Any CPU
		{7DF6A8FE-6CB6-43FA-89D3-F2A51BC191B6}.Release|Any CPU.Build.0 = Release|Any CPU
	EndGlobalSection
	GlobalSection(SolutionProperties) = preSolution
		HideSolutionNode = FALSE
	EndGlobalSection
	GlobalSection(ExtensibilityGlobals) = postSolution
		SolutionGuid = {1C88FB83-A85A-4DD5-A3FF-DD3355E78FC0}
	EndGlobalSection
EndGlobal
